
Microsoft Visual Studio Solution File, Format Version 12.00
# Visual Studio Version 17
VisualStudioVersion = 17.0.31903.59
MinimumVisualStudioVersion = 10.0.40219.1
Project("{9A19103F-16F7-4668-BE54-9A1E7A4F7556}") = "ValidateTheNameModelBinding", "øvelse26\ValidateTheNameModelBinding.csproj", "{1F31A097-F965-48B6-9AFB-EBB5AA8DF83A}"
EndProject
Project("{9A19103F-16F7-4668-BE54-9A1E7A4F7556}") = "UnitTests.Invariance", "UnitTests.Invariance\UnitTests.Invariance.csproj", "{81D730F2-A318-4B2B-AFF3-B9FDD0EF24B3}"
EndProject
Global
	GlobalSection(SolutionConfigurationPlatforms) = preSolution
		Debug|Any CPU = Debug|Any CPU
		Release|Any CPU = Release|Any CPU
	EndGlobalSection
	GlobalSection(ProjectConfigurationPlatforms) = postSolution
		{1F31A097-F965-48B6-9AFB-EBB5AA8DF83A}.Debug|Any CPU.ActiveCfg = Debug|Any CPU
		{1F31A097-F965-48B6-9AFB-EBB5AA8DF83A}.Debug|Any CPU.Build.0 = Debug|Any CPU
		{1F31A097-F965-48B6-9AFB-EBB5AA8DF83A}.Release|Any CPU.ActiveCfg = Release|Any CPU
		{1F31A097-F965-48B6-9AFB-EBB5AA8DF83A}.Release|Any CPU.Build.0 = Release|Any CPU
		{81D730F2-A318-4B2B-AFF3-B9FDD0EF24B3}.Debug|Any CPU.ActiveCfg = Debug|Any CPU
		{81D730F2-A318-4B2B-AFF3-B9FDD0EF24B3}.Debug|Any CPU.Build.0 = Debug|Any CPU
		{81D730F2-A318-4B2B-AFF3-B9FDD0EF24B3}.Release|Any CPU.ActiveCfg = Release|Any CPU
		{81D730F2-A318-4B2B-AFF3-B9FDD0EF24B3}.Release|Any CPU.Build.0 = Release|Any CPU
	EndGlobalSection
	GlobalSection(SolutionProperties) = preSolution
		HideSolutionNode = FALSE
	EndGlobalSection
EndGlobal
